// !$*UTF8*$!
{
	archiveVersion = 1;
	classes = {
	};
	objectVersion = 56;
	objects = {

/* Begin PBXBuildFile section */
		F459C9CF2D7FE5C100037EE4 /* AppDelegate.swift in Sources */ = {isa = PBXBuildFile; fileRef = F459C9CE2D7FE5C100037EE4 /* AppDelegate.swift */; };
		F459C9D12D7FE5C100037EE4 /* SceneDelegate.swift in Sources */ = {isa = PBXBuildFile; fileRef = F459C9D02D7FE5C100037EE4 /* SceneDelegate.swift */; };
		F459C9D32D7FE5C100037EE4 /* ViewController.swift in Sources */ = {isa = PBXBuildFile; fileRef = F459C9D22D7FE5C100037EE4 /* ViewController.swift */; };
		F459C9D62D7FE5C100037EE4 /* Main.storyboard in Resources */ = {isa = PBXBuildFile; fileRef = F459C9D42D7FE5C100037EE4 /* Main.storyboard */; };
		F459C9D82D7FE5D900037EE4 /* Assets.xcassets in Resources */ = {isa = PBXBuildFile; fileRef = F459C9D72D7FE5D900037EE4 /* Assets.xcassets */; };
		F459C9DB2D7FE5D900037EE4 /* LaunchScreen.storyboard in Resources */ = {isa = PBXBuildFile; fileRef = F459C9D92D7FE5D900037EE4 /* LaunchScreen.storyboard */; };
		F4F52BDD2D7FE700005EBE04 /* A.wav in Resources */ = {isa = PBXBuildFile; fileRef = F4F52BD42D7FE700005EBE04 /* A.wav */; };
		F4F52BDE2D7FE700005EBE04 /* C.wav in Resources */ = {isa = PBXBuildFile; fileRef = F4F52BD52D7FE700005EBE04 /* C.wav */; };
		F4F52BE02D7FE700005EBE04 /* B.wav in Resources */ = {isa = PBXBuildFile; fileRef = F4F52BD72D7FE700005EBE04 /* B.wav */; };
		F4F52BE12D7FE700005EBE04 /* F.wav in Resources */ = {isa = PBXBuildFile; fileRef = F4F52BD82D7FE700005EBE04 /* F.wav */; };
		F4F52BE22D7FE700005EBE04 /* G.wav in Resources */ = {isa = PBXBuildFile; fileRef = F4F52BD92D7FE700005EBE04 /* G.wav */; };
		F4F52BE32D7FE700005EBE04 /* E.wav in Resources */ = {isa = PBXBuildFile; fileRef = F4F52BDA2D7FE700005EBE04 /* E.wav */; };
		F4F52BE42D7FE700005EBE04 /* D.wav in Resources */ = {isa = PBXBuildFile; fileRef = F4F52BDB2D7FE700005EBE04 /* D.wav */; };
/* End PBXBuildFile section */

/* Begin PBXFileReference section */
		F459C9CB2D7FE5C100037EE4 /* Xylophone.app */ = {isa = PBXFileReference; explicitFileType = wrapper.application; includeInIndex = 0; path = Xylophone.app; sourceTree = BUILT_PRODUCTS_DIR; };
		F459C9CE2D7FE5C100037EE4 /* AppDelegate.swift */ = {isa = PBXFileReference; lastKnownFileType = sourcecode.swift; path = AppDelegate.swift; sourceTree = "<group>"; };
		F459C9D02D7FE5C100037EE4 /* SceneDelegate.swift */ = {isa = PBXFileReference; lastKnownFileType = sourcecode.swift; path = SceneDelegate.swift; sourceTree = "<group>"; };
		F459C9D22D7FE5C100037EE4 /* ViewController.swift */ = {isa = PBXFileReference; lastKnownFileType = sourcecode.swift; path = ViewController.swift; sourceTree = "<group>"; };
		F459C9D52D7FE5C100037EE4 /* Base */ = {isa = PBXFileReference; lastKnownFileType = file.storyboard; name = Base; path = Base.lproj/Main.storyboard; sourceTree = "<group>"; };
		F459C9D72D7FE5D900037EE4 /* Assets.xcassets */ = {isa = PBXFileReference; lastKnownFileType = folder.assetcatalog; path = Assets.xcassets; sourceTree = "<group>"; };
		F459C9DA2D7FE5D900037EE4 /* Base */ = {isa = PBXFileReference; lastKnownFileType = file.storyboard; name = Base; path = Base.lproj/LaunchScreen.storyboard; sourceTree = "<group>"; };
		F459C9DC2D7FE5D900037EE4 /* Info.plist */ = {isa = PBXFileReference; lastKnownFileType = text.plist.xml; path = Info.plist; sourceTree = "<group>"; };
		F4F52BD42D7FE700005EBE04 /* A.wav */ = {isa = PBXFileReference; lastKnownFileType = audio.wav; path = A.wav; sourceTree = "<group>"; };
		F4F52BD52D7FE700005EBE04 /* C.wav */ = {isa = PBXFileReference; lastKnownFileType = audio.wav; path = C.wav; sourceTree = "<group>"; };
		F4F52BD72D7FE700005EBE04 /* B.wav */ = {isa = PBXFileReference; lastKnownFileType = audio.wav; path = B.wav; sourceTree = "<group>"; };
		F4F52BD82D7FE700005EBE04 /* F.wav */ = {isa = PBXFileReference; lastKnownFileType = audio.wav; path = F.wav; sourceTree = "<group>"; };
		F4F52BD92D7FE700005EBE04 /* G.wav */ = {isa = PBXFileReference; lastKnownFileType = audio.wav; path = G.wav; sourceTree = "<group>"; };
		F4F52BDA2D7FE700005EBE04 /* E.wav */ = {isa = PBXFileReference; lastKnownFileType = audio.wav; path = E.wav; sourceTree = "<group>"; };
		F4F52BDB2D7FE700005EBE04 /* D.wav */ = {isa = PBXFileReference; lastKnownFileType = audio.wav; path = D.wav; sourceTree = "<group>"; };
/* End PBXFileReference section */

/* Begin PBXFrameworksBuildPhase section */
		F459C9C82D7FE5C000037EE4 /* Frameworks */ = {
			isa = PBXFrameworksBuildPhase;
			buildActionMask = 2147483647;
			files = (
			);
			runOnlyForDeploymentPostprocessing = 0;
		};
/* End PBXFrameworksBuildPhase section */

/* Begin PBXGroup section */
		F459C9C22D7FE5C000037EE4 = {
			isa = PBXGroup;
			children = (
				F459C9CD2D7FE5C100037EE4 /* Xylophone */,
				F459C9CC2D7FE5C100037EE4 /* Products */,
			);
			sourceTree = "<group>";
		};
		F459C9CC2D7FE5C100037EE4 /* Products */ = {
			isa = PBXGroup;
			children = (
				F459C9CB2D7FE5C100037EE4 /* Xylophone.app */,
			);
			name = Products;
			sourceTree = "<group>";
		};
		F459C9CD2D7FE5C100037EE4 /* Xylophone */ = {
			isa = PBXGroup;
			children = (
				F459C9CE2D7FE5C100037EE4 /* AppDelegate.swift */,
				F459C9D02D7FE5C100037EE4 /* SceneDelegate.swift */,
				F459C9D22D7FE5C100037EE4 /* ViewController.swift */,
				F459C9D42D7FE5C100037EE4 /* Main.storyboard */,
				F459C9D72D7FE5D900037EE4 /* Assets.xcassets */,
				F459C9D92D7FE5D900037EE4 /* LaunchScreen.storyboard */,
				F459C9DC2D7FE5D900037EE4 /* Info.plist */,
				F4F52BD32D7FE700005EBE04 /* Sounds */,
			);
			path = Xylophone;
			sourceTree = "<group>";
		};
		F4F52BD32D7FE700005EBE04 /* Sounds */ = {
			isa = PBXGroup;
			children = (
				F4F52BD52D7FE700005EBE04 /* C.wav */,
				F4F52BDB2D7FE700005EBE04 /* D.wav */,
				F4F52BDA2D7FE700005EBE04 /* E.wav */,
				F4F52BD82D7FE700005EBE04 /* F.wav */,
				F4F52BD92D7FE700005EBE04 /* G.wav */,
				F4F52BD42D7FE700005EBE04 /* A.wav */,
				F4F52BD72D7FE700005EBE04 /* B.wav */,
			);
			path = Sounds;
			sourceTree = "<group>";
		};
/* End PBXGroup section */

/* Begin PBXNativeTarget section */
		F459C9CA2D7FE5C000037EE4 /* Xylophone */ = {
			isa = PBXNativeTarget;
			buildConfigurationList = F459C9DF2D7FE5D900037EE4 /* Build configuration list for PBXNativeTarget "Xylophone" */;
			buildPhases = (
				F459C9C72D7FE5C000037EE4 /* Sources */,
				F459C9C82D7FE5C000037EE4 /* Frameworks */,
				F459C9C92D7FE5C000037EE4 /* Resources */,
			);
			buildRules = (
			);
			dependencies = (
			);
			name = Xylophone;
			productName = Xylophone;
			productReference = F459C9CB2D7FE5C100037EE4 /* Xylophone.app */;
			productType = "com.apple.product-type.application";
		};
/* End PBXNativeTarget section */

/* Begin PBXProject section */
		F459C9C32D7FE5C000037EE4 /* Project object */ = {
			isa = PBXProject;
			attributes = {
				BuildIndependentTargetsInParallel = 1;
				LastSwiftUpdateCheck = 1420;
				LastUpgradeCheck = 1420;
				TargetAttributes = {
					F459C9CA2D7FE5C000037EE4 = {
						CreatedOnToolsVersion = 14.2;
					};
				};
			};
			buildConfigurationList = F459C9C62D7FE5C000037EE4 /* Build configuration list for PBXProject "Xylophone" */;
			compatibilityVersion = "Xcode 14.0";
			developmentRegion = en;
			hasScannedForEncodings = 0;
			knownRegions = (
				en,
				Base,
			);
			mainGroup = F459C9C22D7FE5C000037EE4;
			productRefGroup = F459C9CC2D7FE5C100037EE4 /* Products */;
			projectDirPath = "";
			projectRoot = "";
			targets = (
				F459C9CA2D7FE5C000037EE4 /* Xylophone */,
			);
		};
/* End PBXProject section */

/* Begin PBXResourcesBuildPhase section */
		F459C9C92D7FE5C000037EE4 /* Resources */ = {
			isa = PBXResourcesBuildPhase;
			buildActionMask = 2147483647;
			files = (
				F4F52BE42D7FE700005EBE04 /* D.wav in Resources */,
				F4F52BE32D7FE700005EBE04 /* E.wav in Resources */,
				F4F52BE22D7FE700005EBE04 /* G.wav in Resources */,
				F459C9DB2D7FE5D900037EE4 /* LaunchScreen.storyboard in Resources */,
				F459C9D82D7FE5D900037EE4 /* Assets.xcassets in Resources */,
				F4F52BDD2D7FE700005EBE04 /* A.wav in Resources */,
				F4F52BE02D7FE700005EBE04 /* B.wav in Resources */,
				F459C9D62D7FE5C100037EE4 /* Main.storyboard in Resources */,
				F4F52BDE2D7FE700005EBE04 /* C.wav in Resources */,
				F4F52BE12D7FE700005EBE04 /* F.wav in Resources */,
			);
			runOnlyForDeploymentPostprocessing = 0;
		};
/* End PBXResourcesBuildPhase section */

/* Begin PBXSourcesBuildPhase section */
		F459C9C72D7FE5C000037EE4 /* Sources */ = {
			isa = PBXSourcesBuildPhase;
			buildActionMask = 2147483647;
			files = (
				F459C9D32D7FE5C100037EE4 /* ViewController.swift in Sources */,
				F459C9CF2D7FE5C100037EE4 /* AppDelegate.swift in Sources */,
				F459C9D12D7FE5C100037EE4 /* SceneDelegate.swift in Sources */,
			);
			runOnlyForDeploymentPostprocessing = 0;
		};
/* End PBXSourcesBuildPhase section */

/* Begin PBXVariantGroup section */
		F459C9D42D7FE5C100037EE4 /* Main.storyboard */ = {
			isa = PBXVariantGroup;
			children = (
				F459C9D52D7FE5C100037EE4 /* Base */,
			);
			name = Main.storyboard;
			sourceTree = "<group>";
		};
		F459C9D92D7FE5D900037EE4 /* LaunchScreen.storyboard */ = {
			isa = PBXVariantGroup;
			children = (
				F459C9DA2D7FE5D900037EE4 /* Base */,
			);
			name = LaunchScreen.storyboard;
			sourceTree = "<group>";
		};
/* End PBXVariantGroup section */

/* Begin XCBuildConfiguration section */
		F459C9DD2D7FE5D900037EE4 /* Debug */ = {
			isa = XCBuildConfiguration;
			buildSettings = {
				ALWAYS_SEARCH_USER_PATHS = NO;
				CLANG_ANALYZER_NONNULL = YES;
				CLANG_ANALYZER_NUMBER_OBJECT_CONVERSION = YES_AGGRESSIVE;
				CLANG_CXX_LANGUAGE_STANDARD = "gnu++20";
				CLANG_ENABLE_MODULES = YES;
				CLANG_ENABLE_OBJC_ARC = YES;
				CLANG_ENABLE_OBJC_WEAK = YES;
				CLANG_WARN_BLOCK_CAPTURE_AUTORELEASING = YES;
				CLANG_WARN_BOOL_CONVERSION = YES;
				CLANG_WARN_COMMA = YES;
				CLANG_WARN_CONSTANT_CONVERSION = YES;
				CLANG_WARN_DEPRECATED_OBJC_IMPLEMENTATIONS = YES;
				CLANG_WARN_DIRECT_OBJC_ISA_USAGE = YES_ERROR;
				CLANG_WARN_DOCUMENTATION_COMMENTS = YES;
				CLANG_WARN_EMPTY_BODY = YES;
				CLANG_WARN_ENUM_CONVERSION = YES;
				CLANG_WARN_INFINITE_RECURSION = YES;
				CLANG_WARN_INT_CONVERSION = YES;
				CLANG_WARN_NON_LITERAL_NULL_CONVERSION = YES;
				CLANG_WARN_OBJC_IMPLICIT_RETAIN_SELF = YES;
				CLANG_WARN_OBJC_LITERAL_CONVERSION = YES;
				CLANG_WARN_OBJC_ROOT_CLASS = YES_ERROR;
				CLANG_WARN_QUOTED_INCLUDE_IN_FRAMEWORK_HEADER = YES;
				CLANG_WARN_RANGE_LOOP_ANALYSIS = YES;
				CLANG_WARN_STRICT_PROTOTYPES = YES;
				CLANG_WARN_SUSPICIOUS_MOVE = YES;
				CLANG_WARN_UNGUARDED_AVAILABILITY = YES_AGGRESSIVE;
				CLANG_WARN_UNREACHABLE_CODE = YES;
				CLANG_WARN__DUPLICATE_METHOD_MATCH = YES;
				COPY_PHASE_STRIP = NO;
				DEBUG_INFORMATION_FORMAT = dwarf;
				ENABLE_STRICT_OBJC_MSGSEND = YES;
				ENABLE_TESTABILITY = YES;
				GCC_C_LANGUAGE_STANDARD = gnu11;
				GCC_DYNAMIC_NO_PIC = NO;
				GCC_NO_COMMON_BLOCKS = YES;
				GCC_OPTIMIZATION_LEVEL = 0;
				GCC_PREPROCESSOR_DEFINITIONS = (
					"DEBUG=1",
					"$(inherited)",
				);
				GCC_WARN_64_TO_32_BIT_CONVERSION = YES;
				GCC_WARN_ABOUT_RETURN_TYPE = YES_ERROR;
				GCC_WARN_UNDECLARED_SELECTOR = YES;
				GCC_WARN_UNINITIALIZED_AUTOS = YES_AGGRESSIVE;
				GCC_WARN_UNUSED_FUNCTION = YES;
				GCC_WARN_UNUSED_VARIABLE = YES;
				IPHONEOS_DEPLOYMENT_TARGET = 16.2;
				MTL_ENABLE_DEBUG_INFO = INCLUDE_SOURCE;
				MTL_FAST_MATH = YES;
				ONLY_ACTIVE_ARCH = YES;
				SDKROOT = iphoneos;
				SWIFT_ACTIVE_COMPILATION_CONDITIONS = DEBUG;
				SWIFT_OPTIMIZATION_LEVEL = "-Onone";
			};
			name = Debug;
		};
		F459C9DE2D7FE5D900037EE4 /* Release */ = {
			isa = XCBuildConfiguration;
			buildSettings = {
				ALWAYS_SEARCH_USER_PATHS = NO;
				CLANG_ANALYZER_NONNULL = YES;
				CLANG_ANALYZER_NUMBER_OBJECT_CONVERSION = YES_AGGRESSIVE;
				CLANG_CXX_LANGUAGE_STANDARD = "gnu++20";
				CLANG_ENABLE_MODULES = YES;
				CLANG_ENABLE_OBJC_ARC = YES;
				CLANG_ENABLE_OBJC_WEAK = YES;
				CLANG_WARN_BLOCK_CAPTURE_AUTORELEASING = YES;
				CLANG_WARN_BOOL_CONVERSION = YES;
				CLANG_WARN_COMMA = YES;
				CLANG_WARN_CONSTANT_CONVERSION = YES;
				CLANG_WARN_DEPRECATED_OBJC_IMPLEMENTATIONS = YES;
				CLANG_WARN_DIRECT_OBJC_ISA_USAGE = YES_ERROR;
				CLANG_WARN_DOCUMENTATION_COMMENTS = YES;
				CLANG_WARN_EMPTY_BODY = YES;
				CLANG_WARN_ENUM_CONVERSION = YES;
				CLANG_WARN_INFINITE_RECURSION = YES;
				CLANG_WARN_INT_CONVERSION = YES;
				CLANG_WARN_NON_LITERAL_NULL_CONVERSION = YES;
				CLANG_WARN_OBJC_IMPLICIT_RETAIN_SELF = YES;
				CLANG_WARN_OBJC_LITERAL_CONVERSION = YES;
				CLANG_WARN_OBJC_ROOT_CLASS = YES_ERROR;
				CLANG_WARN_QUOTED_INCLUDE_IN_FRAMEWORK_HEADER = YES;
				CLANG_WARN_RANGE_LOOP_ANALYSIS = YES;
				CLANG_WARN_STRICT_PROTOTYPES = YES;
				CLANG_WARN_SUSPICIOUS_MOVE = YES;
				CLANG_WARN_UNGUARDED_AVAILABILITY = YES_AGGRESSIVE;
				CLANG_WARN_UNREACHABLE_CODE = YES;
				CLANG_WARN__DUPLICATE_METHOD_MATCH = YES;
				COPY_PHASE_STRIP = NO;
				DEBUG_INFORMATION_FORMAT = "dwarf-with-dsym";
				ENABLE_NS_ASSERTIONS = NO;
				ENABLE_STRICT_OBJC_MSGSEND = YES;
				GCC_C_LANGUAGE_STANDARD = gnu11;
				GCC_NO_COMMON_BLOCKS = YES;
				GCC_WARN_64_TO_32_BIT_CONVERSION = YES;
				GCC_WARN_ABOUT_RETURN_TYPE = YES_ERROR;
				GCC_WARN_UNDECLARED_SELECTOR = YES;
				GCC_WARN_UNINITIALIZED_AUTOS = YES_AGGRESSIVE;
				GCC_WARN_UNUSED_FUNCTION = YES;
				GCC_WARN_UNUSED_VARIABLE = YES;
				IPHONEOS_DEPLOYMENT_TARGET = 16.2;
				MTL_ENABLE_DEBUG_INFO = NO;
				MTL_FAST_MATH = YES;
				SDKROOT = iphoneos;
				SWIFT_COMPILATION_MODE = wholemodule;
				SWIFT_OPTIMIZATION_LEVEL = "-O";
				VALIDATE_PRODUCT = YES;
			};
			name = Release;
		};
		F459C9E02D7FE5D900037EE4 /* Debug */ = {
			isa = XCBuildConfiguration;
			buildSettings = {
				ASSETCATALOG_COMPILER_APPICON_NAME = AppIcon;
				ASSETCATALOG_COMPILER_GLOBAL_ACCENT_COLOR_NAME = AccentColor;
				CODE_SIGN_STYLE = Automatic;
				CURRENT_PROJECT_VERSION = 1;
				DEVELOPMENT_TEAM = 3K677TQ5Z9;
				GENERATE_INFOPLIST_FILE = YES;
				INFOPLIST_FILE = Xylophone/Info.plist;
				INFOPLIST_KEY_UIApplicationSupportsIndirectInputEvents = YES;
				INFOPLIST_KEY_UILaunchStoryboardName = LaunchScreen;
				INFOPLIST_KEY_UIMainStoryboardFile = Main;
				INFOPLIST_KEY_UISupportedInterfaceOrientations_iPad = "UIInterfaceOrientationPortrait UIInterfaceOrientationPortraitUpsideDown UIInterfaceOrientationLandscapeLeft UIInterfaceOrientationLandscapeRight";
				INFOPLIST_KEY_UISupportedInterfaceOrientations_iPhone = "UIInterfaceOrientationPortrait UIInterfaceOrientationLandscapeLeft UIInterfaceOrientationLandscapeRight";
				LD_RUNPATH_SEARCH_PATHS = (
					"$(inherited)",
					"@executable_path/Frameworks",
				);
				MARKETING_VERSION = 1.0;
				PRODUCT_BUNDLE_IDENTIFIER = Marwan.cam.Xylophone;
				PRODUCT_NAME = "$(TARGET_NAME)";
				SWIFT_EMIT_LOC_STRINGS = YES;
				SWIFT_VERSION = 5.0;
				TARGETED_DEVICE_FAMILY = "1,2";
			};
			name = Debug;
		};
		F459C9E12D7FE5D900037EE4 /* Release */ = {
			isa = XCBuildConfiguration;
			buildSettings = {
				ASSETCATALOG_COMPILER_APPICON_NAME = AppIcon;
				ASSETCATALOG_COMPILER_GLOBAL_ACCENT_COLOR_NAME = AccentColor;
				CODE_SIGN_STYLE = Automatic;
				CURRENT_PROJECT_VERSION = 1;
				DEVELOPMENT_TEAM = 3K677TQ5Z9;
				GENERATE_INFOPLIST_FILE = YES;
				INFOPLIST_FILE = Xylophone/Info.plist;
				INFOPLIST_KEY_UIApplicationSupportsIndirectInputEvents = YES;
				INFOPLIST_KEY_UILaunchStoryboardName = LaunchScreen;
				INFOPLIST_KEY_UIMainStoryboardFile = Main;
				INFOPLIST_KEY_UISupportedInterfaceOrientations_iPad = "UIInterfaceOrientationPortrait UIInterfaceOrientationPortraitUpsideDown UIInterfaceOrientationLandscapeLeft UIInterfaceOrientationLandscapeRight";
				INFOPLIST_KEY_UISupportedInterfaceOrientations_iPhone = "UIInterfaceOrientationPortrait UIInterfaceOrientationLandscapeLeft UIInterfaceOrientationLandscapeRight";
				LD_RUNPATH_SEARCH_PATHS = (
					"$(inherited)",
					"@executable_path/Frameworks",
				);
				MARKETING_VERSION = 1.0;
				PRODUCT_BUNDLE_IDENTIFIER = Marwan.cam.Xylophone;
				PRODUCT_NAME = "$(TARGET_NAME)";
				SWIFT_EMIT_LOC_STRINGS = YES;
				SWIFT_VERSION = 5.0;
				TARGETED_DEVICE_FAMILY = "1,2";
			};
			name = Release;
		};
/* End XCBuildConfiguration section */

/* Begin XCConfigurationList section */
		F459C9C62D7FE5C000037EE4 /* Build configuration list for PBXProject "Xylophone" */ = {
			isa = XCConfigurationList;
			buildConfigurations = (
				F459C9DD2D7FE5D900037EE4 /* Debug */,
				F459C9DE2D7FE5D900037EE4 /* Release */,
			);
			defaultConfigurationIsVisible = 0;
			defaultConfigurationName = Release;
		};
		F459C9DF2D7FE5D900037EE4 /* Build configuration list for PBXNativeTarget "Xylophone" */ = {
			isa = XCConfigurationList;
			buildConfigurations = (
				F459C9E02D7FE5D900037EE4 /* Debug */,
				F459C9E12D7FE5D900037EE4 /* Release */,
			);
			defaultConfigurationIsVisible = 0;
			defaultConfigurationName = Release;
		};
/* End XCConfigurationList section */
	};
	rootObject = F459C9C32D7FE5C000037EE4 /* Project object */;
}
